
Microsoft Visual Studio Solution File, Format Version 12.00
# Visual Studio Version 16
VisualStudioVersion = 16.0.30128.74
MinimumVisualStudioVersion = 10.0.40219.1
Project("{FAE04EC0-301F-11D3-BF4B-00C04F79EFBC}") = "samplewpf", "samplewpf.csproj", "{9D69B67C-1904-43A1-A7B2-1B9B1496A8E5}"
EndProject
Global
	GlobalSection(SolutionConfigurationPlatforms) = preSolution
		Debug|Any CPU = Debug|Any CPU
		Release|Any CPU = Release|Any CPU
	EndGlobalSection
	GlobalSection(ProjectConfigurationPlatforms) = postSolution
		{9D69B67C-1904-43A1-A7B2-1B9B1496A8E5}.Debug|Any CPU.ActiveCfg = Debug|Any CPU
		{9D69B67C-1904-43A1-A7B2-1B9B1496A8E5}.Debug|Any CPU.Build.0 = Debug|Any CPU
		{9D69B67C-1904-43A1-A7B2-1B9B1496A8E5}.Release|Any CPU.ActiveCfg = Release|Any CPU
		{9D69B67C-1904-43A1-A7B2-1B9B1496A8E5}.Release|Any CPU.Build.0 = Release|Any CPU
	EndGlobalSection
	GlobalSection(SolutionProperties) = preSolution
		HideSolutionNode = FALSE
	EndGlobalSection
	GlobalSection(ExtensibilityGlobals) = postSolution
		SolutionGuid = {36E72A60-E4EC-4E6C-B1E6-3C44F4068BEB}
	EndGlobalSection
EndGlobal
